Microsoft Visual Studio Solution File, Format Version 12.00
# Visual Studio Version 17
VisualStudioVersion = 17.8.34330.188
MinimumVisualStudioVersion = 10.0.40219.1
Project("{FAE04EC0-301F-11D3-BF4B-00C04F79EFBC}") = "ClinicaVitaliApi", "ClinicaVitaliApi.csproj", "{A1C0E88B-4C0E-4D84-9E06-4C3903C69D6A}"
EndProject
Global
	GlobalSection(SolutionConfigurationPlatforms) = preSolution
		Debug|Any CPU = Debug|Any CPU
		Release|Any CPU = Release|Any CPU
	EndGlobalSection
	GlobalSection(ProjectConfigurationPlatforms) = postSolution
		{A1C0E88B-4C0E-4D84-9E06-4C3903C69D6A}.Debug|Any CPU.ActiveCfg = Debug|Any CPU
		{A1C0E88B-4C0E-4D84-9E06-4C3903C69D6A}.Debug|Any CPU.Build.0 = Debug|Any CPU
		{A1C0E88B-4C0E-4D84-9E06-4C3903C69D6A}.Release|Any CPU.ActiveCfg = Release|Any CPU
		{A1C0E88B-4C0E-4D84-9E06-4C3903C69D6A}.Release|Any CPU.Build.0 = Release|Any CPU
	EndGlobalSection
	GlobalSection(SolutionProperties) = preSolution
		HideSolutionNode = FALSE
	EndGlobalSection
EndGlobal
